// !$*UTF8*$!
{
	archiveVersion = 1;
	classes = {
	};
	objectVersion = 56;
	objects = {

/* Begin PBXBuildFile section */
		33D9F60F29A1797E00C1CDDE /* CalendarAppApp.swift in Sources */ = {isa = PBXBuildFile; fileRef = 33D9F60E29A1797E00C1CDDE /* CalendarAppApp.swift */; };
		33D9F61129A1797E00C1CDDE /* ContentView.swift in Sources */ = {isa = PBXBuildFile; fileRef = 33D9F61029A1797E00C1CDDE /* ContentView.swift */; };
		33D9F61329A1797E00C1CDDE /* Assets.xcassets in Resources */ = {isa = PBXBuildFile; fileRef = 33D9F61229A1797E00C1CDDE /* Assets.xcassets */; };
		33D9F61629A1797E00C1CDDE /* Preview Assets.xcassets in Resources */ = {isa = PBXBuildFile; fileRef = 33D9F61529A1797E00C1CDDE /* Preview Assets.xcassets */; };
		33D9F62929A179D100C1CDDE /* WidgetKit.framework in Frameworks */ = {isa = PBXBuildFile; fileRef = 33D9F62829A179D100C1CDDE /* WidgetKit.framework */; };
		33D9F62B29A179D100C1CDDE /* SwiftUI.framework in Frameworks */ = {isa = PBXBuildFile; fileRef = 33D9F62A29A179D100C1CDDE /* SwiftUI.framework */; };
		33D9F62E29A179D100C1CDDE /* CalendarWidgetBundle.swift in Sources */ = {isa = PBXBuildFile; fileRef = 33D9F62D29A179D100C1CDDE /* CalendarWidgetBundle.swift */; };
		33D9F63029A179D100C1CDDE /* CalendarWidgetLiveActivity.swift in Sources */ = {isa = PBXBuildFile; fileRef = 33D9F62F29A179D100C1CDDE /* CalendarWidgetLiveActivity.swift */; };
		33D9F63229A179D100C1CDDE /* CalendarWidget.swift in Sources */ = {isa = PBXBuildFile; fileRef = 33D9F63129A179D100C1CDDE /* CalendarWidget.swift */; };
		33D9F63529A179D200C1CDDE /* Assets.xcassets in Resources */ = {isa = PBXBuildFile; fileRef = 33D9F63429A179D200C1CDDE /* Assets.xcassets */; };
		33D9F63729A179D200C1CDDE /* CalendarWidget.intentdefinition in Sources */ = {isa = PBXBuildFile; fileRef = 33D9F63329A179D100C1CDDE /* CalendarWidget.intentdefinition */; };
		33D9F63829A179D200C1CDDE /* CalendarWidget.intentdefinition in Sources */ = {isa = PBXBuildFile; fileRef = 33D9F63329A179D100C1CDDE /* CalendarWidget.intentdefinition */; };
		33D9F63B29A179D200C1CDDE /* CalendarWidgetExtension.appex in Embed Foundation Extensions */ = {isa = PBXBuildFile; fileRef = 33D9F62629A179D100C1CDDE /* CalendarWidgetExtension.appex */; settings = {ATTRIBUTES = (RemoveHeadersOnCopy, ); }; };
		33D9F64529A3AEA100C1CDDE /* CalendarWidget+ViewModel.swift in Sources */ = {isa = PBXBuildFile; fileRef = 33D9F64429A3AEA100C1CDDE /* CalendarWidget+ViewModel.swift */; };
		33D9F64629A3AEA100C1CDDE /* CalendarWidget+ViewModel.swift in Sources */ = {isa = PBXBuildFile; fileRef = 33D9F64429A3AEA100C1CDDE /* CalendarWidget+ViewModel.swift */; };
		33D9F64929A4F50000C1CDDE /* TimeChart+View.swift in Sources */ = {isa = PBXBuildFile; fileRef = 33D9F64829A4F50000C1CDDE /* TimeChart+View.swift */; };
		33D9F64A29A4F50000C1CDDE /* TimeChart+View.swift in Sources */ = {isa = PBXBuildFile; fileRef = 33D9F64829A4F50000C1CDDE /* TimeChart+View.swift */; };
		33D9F64C29A5B7E600C1CDDE /* SunsetSunriseData.swift in Sources */ = {isa = PBXBuildFile; fileRef = 33D9F64B29A5B7E600C1CDDE /* SunsetSunriseData.swift */; };
		33D9F64D29A5B7E600C1CDDE /* SunsetSunriseData.swift in Sources */ = {isa = PBXBuildFile; fileRef = 33D9F64B29A5B7E600C1CDDE /* SunsetSunriseData.swift */; };
/* End PBXBuildFile section */

/* Begin PBXContainerItemProxy section */
		33D9F63929A179D200C1CDDE /* PBXContainerItemProxy */ = {
			isa = PBXContainerItemProxy;
			containerPortal = 33D9F60329A1797E00C1CDDE /* Project object */;
			proxyType = 1;
			remoteGlobalIDString = 33D9F62529A179D100C1CDDE;
			remoteInfo = CalendarWidgetExtension;
		};
/* End PBXContainerItemProxy section */

/* Begin PBXCopyFilesBuildPhase section */
		33D9F63F29A179D200C1CDDE /* Embed Foundation Extensions */ = {
			isa = PBXCopyFilesBuildPhase;
			buildActionMask = 2147483647;
			dstPath = "";
			dstSubfolderSpec = 13;
			files = (
				33D9F63B29A179D200C1CDDE /* CalendarWidgetExtension.appex in Embed Foundation Extensions */,
			);
			name = "Embed Foundation Extensions";
			runOnlyForDeploymentPostprocessing = 0;
		};
/* End PBXCopyFilesBuildPhase section */

/* Begin PBXFileReference section */
		33D9F60B29A1797E00C1CDDE /* CalendarApp.app */ = {isa = PBXFileReference; explicitFileType = wrapper.application; includeInIndex = 0; path = CalendarApp.app; sourceTree = BUILT_PRODUCTS_DIR; };
		33D9F60E29A1797E00C1CDDE /* CalendarAppApp.swift */ = {isa = PBXFileReference; lastKnownFileType = sourcecode.swift; path = CalendarAppApp.swift; sourceTree = "<group>"; };
		33D9F61029A1797E00C1CDDE /* ContentView.swift */ = {isa = PBXFileReference; lastKnownFileType = sourcecode.swift; path = ContentView.swift; sourceTree = "<group>"; };
		33D9F61229A1797E00C1CDDE /* Assets.xcassets */ = {isa = PBXFileReference; lastKnownFileType = folder.assetcatalog; path = Assets.xcassets; sourceTree = "<group>"; };
		33D9F61529A1797E00C1CDDE /* Preview Assets.xcassets */ = {isa = PBXFileReference; lastKnownFileType = folder.assetcatalog; path = "Preview Assets.xcassets"; sourceTree = "<group>"; };
		33D9F62629A179D100C1CDDE /* CalendarWidgetExtension.appex */ = {isa = PBXFileReference; explicitFileType = "wrapper.app-extension"; includeInIndex = 0; path = CalendarWidgetExtension.appex; sourceTree = BUILT_PRODUCTS_DIR; };
		33D9F62829A179D100C1CDDE /* WidgetKit.framework */ = {isa = PBXFileReference; lastKnownFileType = wrapper.framework; name = WidgetKit.framework; path = System/Library/Frameworks/WidgetKit.framework; sourceTree = SDKROOT; };
		33D9F62A29A179D100C1CDDE /* SwiftUI.framework */ = {isa = PBXFileReference; lastKnownFileType = wrapper.framework; name = SwiftUI.framework; path = System/Library/Frameworks/SwiftUI.framework; sourceTree = SDKROOT; };
		33D9F62D29A179D100C1CDDE /* CalendarWidgetBundle.swift */ = {isa = PBXFileReference; lastKnownFileType = sourcecode.swift; path = CalendarWidgetBundle.swift; sourceTree = "<group>"; };
		33D9F62F29A179D100C1CDDE /* CalendarWidgetLiveActivity.swift */ = {isa = PBXFileReference; lastKnownFileType = sourcecode.swift; path = CalendarWidgetLiveActivity.swift; sourceTree = "<group>"; };
		33D9F63129A179D100C1CDDE /* CalendarWidget.swift */ = {isa = PBXFileReference; lastKnownFileType = sourcecode.swift; path = CalendarWidget.swift; sourceTree = "<group>"; };
		33D9F63329A179D100C1CDDE /* CalendarWidget.intentdefinition */ = {isa = PBXFileReference; lastKnownFileType = file.intentdefinition; path = CalendarWidget.intentdefinition; sourceTree = "<group>"; };
		33D9F63429A179D200C1CDDE /* Assets.xcassets */ = {isa = PBXFileReference; lastKnownFileType = folder.assetcatalog; path = Assets.xcassets; sourceTree = "<group>"; };
		33D9F63629A179D200C1CDDE /* Info.plist */ = {isa = PBXFileReference; lastKnownFileType = text.plist.xml; path = Info.plist; sourceTree = "<group>"; };
		33D9F64429A3AEA100C1CDDE /* CalendarWidget+ViewModel.swift */ = {isa = PBXFileReference; lastKnownFileType = sourcecode.swift; path = "CalendarWidget+ViewModel.swift"; sourceTree = "<group>"; };
		33D9F64829A4F50000C1CDDE /* TimeChart+View.swift */ = {isa = PBXFileReference; lastKnownFileType = sourcecode.swift; path = "TimeChart+View.swift"; sourceTree = "<group>"; };
		33D9F64B29A5B7E600C1CDDE /* SunsetSunriseData.swift */ = {isa = PBXFileReference; lastKnownFileType = sourcecode.swift; path = SunsetSunriseData.swift; sourceTree = "<group>"; };
/* End PBXFileReference section */

/* Begin PBXFrameworksBuildPhase section */
		33D9F60829A1797E00C1CDDE /* Frameworks */ = {
			isa = PBXFrameworksBuildPhase;
			buildActionMask = 2147483647;
			files = (
			);
			runOnlyForDeploymentPostprocessing = 0;
		};
		33D9F62329A179D100C1CDDE /* Frameworks */ = {
			isa = PBXFrameworksBuildPhase;
			buildActionMask = 2147483647;
			files = (
				33D9F62B29A179D100C1CDDE /* SwiftUI.framework in Frameworks */,
				33D9F62929A179D100C1CDDE /* WidgetKit.framework in Frameworks */,
			);
			runOnlyForDeploymentPostprocessing = 0;
		};
/* End PBXFrameworksBuildPhase section */

/* Begin PBXGroup section */
		33D9F60229A1797E00C1CDDE = {
			isa = PBXGroup;
			children = (
				33D9F60D29A1797E00C1CDDE /* CalendarApp */,
				33D9F62C29A179D100C1CDDE /* CalendarWidget */,
				33D9F62729A179D100C1CDDE /* Frameworks */,
				33D9F60C29A1797E00C1CDDE /* Products */,
			);
			sourceTree = "<group>";
		};
		33D9F60C29A1797E00C1CDDE /* Products */ = {
			isa = PBXGroup;
			children = (
				33D9F60B29A1797E00C1CDDE /* CalendarApp.app */,
				33D9F62629A179D100C1CDDE /* CalendarWidgetExtension.appex */,
			);
			name = Products;
			sourceTree = "<group>";
		};
		33D9F60D29A1797E00C1CDDE /* CalendarApp */ = {
			isa = PBXGroup;
			children = (
				33D9F60E29A1797E00C1CDDE /* CalendarAppApp.swift */,
				33D9F61029A1797E00C1CDDE /* ContentView.swift */,
				33D9F61229A1797E00C1CDDE /* Assets.xcassets */,
				33D9F61429A1797E00C1CDDE /* Preview Content */,
			);
			path = CalendarApp;
			sourceTree = "<group>";
		};
		33D9F61429A1797E00C1CDDE /* Preview Content */ = {
			isa = PBXGroup;
			children = (
				33D9F61529A1797E00C1CDDE /* Preview Assets.xcassets */,
			);
			path = "Preview Content";
			sourceTree = "<group>";
		};
		33D9F62729A179D100C1CDDE /* Frameworks */ = {
			isa = PBXGroup;
			children = (
				33D9F62829A179D100C1CDDE /* WidgetKit.framework */,
				33D9F62A29A179D100C1CDDE /* SwiftUI.framework */,
			);
			name = Frameworks;
			sourceTree = "<group>";
		};
		33D9F62C29A179D100C1CDDE /* CalendarWidget */ = {
			isa = PBXGroup;
			children = (
				33D9F64729A4F4D900C1CDDE /* TimeChart */,
				33D9F62D29A179D100C1CDDE /* CalendarWidgetBundle.swift */,
				33D9F62F29A179D100C1CDDE /* CalendarWidgetLiveActivity.swift */,
				33D9F63129A179D100C1CDDE /* CalendarWidget.swift */,
				33D9F64429A3AEA100C1CDDE /* CalendarWidget+ViewModel.swift */,
				33D9F63329A179D100C1CDDE /* CalendarWidget.intentdefinition */,
				33D9F63429A179D200C1CDDE /* Assets.xcassets */,
				33D9F63629A179D200C1CDDE /* Info.plist */,
			);
			path = CalendarWidget;
			sourceTree = "<group>";
		};
		33D9F64729A4F4D900C1CDDE /* TimeChart */ = {
			isa = PBXGroup;
			children = (
				33D9F64829A4F50000C1CDDE /* TimeChart+View.swift */,
				33D9F64B29A5B7E600C1CDDE /* SunsetSunriseData.swift */,
			);
			path = TimeChart;
			sourceTree = "<group>";
		};
/* End PBXGroup section */

/* Begin PBXNativeTarget section */
		33D9F60A29A1797E00C1CDDE /* CalendarApp */ = {
			isa = PBXNativeTarget;
			buildConfigurationList = 33D9F61929A1797E00C1CDDE /* Build configuration list for PBXNativeTarget "CalendarApp" */;
			buildPhases = (
				33D9F60729A1797E00C1CDDE /* Sources */,
				33D9F60829A1797E00C1CDDE /* Frameworks */,
				33D9F60929A1797E00C1CDDE /* Resources */,
				33D9F63F29A179D200C1CDDE /* Embed Foundation Extensions */,
			);
			buildRules = (
			);
			dependencies = (
				33D9F63A29A179D200C1CDDE /* PBXTargetDependency */,
			);
			name = CalendarApp;
			productName = CalendarApp;
			productReference = 33D9F60B29A1797E00C1CDDE /* CalendarApp.app */;
			productType = "com.apple.product-type.application";
		};
		33D9F62529A179D100C1CDDE /* CalendarWidgetExtension */ = {
			isa = PBXNativeTarget;
			buildConfigurationList = 33D9F63C29A179D200C1CDDE /* Build configuration list for PBXNativeTarget "CalendarWidgetExtension" */;
			buildPhases = (
				33D9F62229A179D100C1CDDE /* Sources */,
				33D9F62329A179D100C1CDDE /* Frameworks */,
				33D9F62429A179D100C1CDDE /* Resources */,
			);
			buildRules = (
			);
			dependencies = (
			);
			name = CalendarWidgetExtension;
			productName = CalendarWidgetExtension;
			productReference = 33D9F62629A179D100C1CDDE /* CalendarWidgetExtension.appex */;
			productType = "com.apple.product-type.app-extension";
		};
/* End PBXNativeTarget section */

/* Begin PBXProject section */
		33D9F60329A1797E00C1CDDE /* Project object */ = {
			isa = PBXProject;
			attributes = {
				BuildIndependentTargetsInParallel = 1;
				LastSwiftUpdateCheck = 1430;
				LastUpgradeCheck = 1430;
				TargetAttributes = {
					33D9F60A29A1797E00C1CDDE = {
						CreatedOnToolsVersion = 14.3;
					};
					33D9F62529A179D100C1CDDE = {
						CreatedOnToolsVersion = 14.3;
					};
				};
			};
			buildConfigurationList = 33D9F60629A1797E00C1CDDE /* Build configuration list for PBXProject "CalendarApp" */;
			compatibilityVersion = "Xcode 14.0";
			developmentRegion = en;
			hasScannedForEncodings = 0;
			knownRegions = (
				en,
				Base,
			);
			mainGroup = 33D9F60229A1797E00C1CDDE;
			productRefGroup = 33D9F60C29A1797E00C1CDDE /* Products */;
			projectDirPath = "";
			projectRoot = "";
			targets = (
				33D9F60A29A1797E00C1CDDE /* CalendarApp */,
				33D9F62529A179D100C1CDDE /* CalendarWidgetExtension */,
			);
		};
/* End PBXProject section */

/* Begin PBXResourcesBuildPhase section */
		33D9F60929A1797E00C1CDDE /* Resources */ = {
			isa = PBXResourcesBuildPhase;
			buildActionMask = 2147483647;
			files = (
				33D9F61629A1797E00C1CDDE /* Preview Assets.xcassets in Resources */,
				33D9F61329A1797E00C1CDDE /* Assets.xcassets in Resources */,
			);
			runOnlyForDeploymentPostprocessing = 0;
		};
		33D9F62429A179D100C1CDDE /* Resources */ = {
			isa = PBXResourcesBuildPhase;
			buildActionMask = 2147483647;
			files = (
				33D9F63529A179D200C1CDDE /* Assets.xcassets in Resources */,
			);
			runOnlyForDeploymentPostprocessing = 0;
		};
/* End PBXResourcesBuildPhase section */

/* Begin PBXSourcesBuildPhase section */
		33D9F60729A1797E00C1CDDE /* Sources */ = {
			isa = PBXSourcesBuildPhase;
			buildActionMask = 2147483647;
			files = (
				33D9F61129A1797E00C1CDDE /* ContentView.swift in Sources */,
				33D9F63829A179D200C1CDDE /* CalendarWidget.intentdefinition in Sources */,
				33D9F64529A3AEA100C1CDDE /* CalendarWidget+ViewModel.swift in Sources */,
				33D9F64C29A5B7E600C1CDDE /* SunsetSunriseData.swift in Sources */,
				33D9F60F29A1797E00C1CDDE /* CalendarAppApp.swift in Sources */,
				33D9F64929A4F50000C1CDDE /* TimeChart+View.swift in Sources */,
			);
			runOnlyForDeploymentPostprocessing = 0;
		};
		33D9F62229A179D100C1CDDE /* Sources */ = {
			isa = PBXSourcesBuildPhase;
			buildActionMask = 2147483647;
			files = (
				33D9F63029A179D100C1CDDE /* CalendarWidgetLiveActivity.swift in Sources */,
				33D9F62E29A179D100C1CDDE /* CalendarWidgetBundle.swift in Sources */,
				33D9F64D29A5B7E600C1CDDE /* SunsetSunriseData.swift in Sources */,
				33D9F64A29A4F50000C1CDDE /* TimeChart+View.swift in Sources */,
				33D9F63729A179D200C1CDDE /* CalendarWidget.intentdefinition in Sources */,
				33D9F63229A179D100C1CDDE /* CalendarWidget.swift in Sources */,
				33D9F64629A3AEA100C1CDDE /* CalendarWidget+ViewModel.swift in Sources */,
			);
			runOnlyForDeploymentPostprocessing = 0;
		};
/* End PBXSourcesBuildPhase section */

/* Begin PBXTargetDependency section */
		33D9F63A29A179D200C1CDDE /* PBXTargetDependency */ = {
			isa = PBXTargetDependency;
			target = 33D9F62529A179D100C1CDDE /* CalendarWidgetExtension */;
			targetProxy = 33D9F63929A179D200C1CDDE /* PBXContainerItemProxy */;
		};
/* End PBXTargetDependency section */

/* Begin XCBuildConfiguration section */
		33D9F61729A1797E00C1CDDE /* Debug */ = {
			isa = XCBuildConfiguration;
			buildSettings = {
				ALWAYS_SEARCH_USER_PATHS = NO;
				CLANG_ANALYZER_NONNULL = YES;
				CLANG_ANALYZER_NUMBER_OBJECT_CONVERSION = YES_AGGRESSIVE;
				CLANG_CXX_LANGUAGE_STANDARD = "gnu++20";
				CLANG_ENABLE_MODULES = YES;
				CLANG_ENABLE_OBJC_ARC = YES;
				CLANG_ENABLE_OBJC_WEAK = YES;
				CLANG_WARN_BLOCK_CAPTURE_AUTORELEASING = YES;
				CLANG_WARN_BOOL_CONVERSION = YES;
				CLANG_WARN_COMMA = YES;
				CLANG_WARN_CONSTANT_CONVERSION = YES;
				CLANG_WARN_DEPRECATED_OBJC_IMPLEMENTATIONS = YES;
				CLANG_WARN_DIRECT_OBJC_ISA_USAGE = YES_ERROR;
				CLANG_WARN_DOCUMENTATION_COMMENTS = YES;
				CLANG_WARN_EMPTY_BODY = YES;
				CLANG_WARN_ENUM_CONVERSION = YES;
				CLANG_WARN_INFINITE_RECURSION = YES;
				CLANG_WARN_INT_CONVERSION = YES;
				CLANG_WARN_NON_LITERAL_NULL_CONVERSION = YES;
				CLANG_WARN_OBJC_IMPLICIT_RETAIN_SELF = YES;
				CLANG_WARN_OBJC_LITERAL_CONVERSION = YES;
				CLANG_WARN_OBJC_ROOT_CLASS = YES_ERROR;
				CLANG_WARN_QUOTED_INCLUDE_IN_FRAMEWORK_HEADER = YES;
				CLANG_WARN_RANGE_LOOP_ANALYSIS = YES;
				CLANG_WARN_STRICT_PROTOTYPES = YES;
				CLANG_WARN_SUSPICIOUS_MOVE = YES;
				CLANG_WARN_UNGUARDED_AVAILABILITY = YES_AGGRESSIVE;
				CLANG_WARN_UNREACHABLE_CODE = YES;
				CLANG_WARN__DUPLICATE_METHOD_MATCH = YES;
				COPY_PHASE_STRIP = NO;
				DEBUG_INFORMATION_FORMAT = dwarf;
				ENABLE_STRICT_OBJC_MSGSEND = YES;
				ENABLE_TESTABILITY = YES;
				GCC_C_LANGUAGE_STANDARD = gnu11;
				GCC_DYNAMIC_NO_PIC = NO;
				GCC_NO_COMMON_BLOCKS = YES;
				GCC_OPTIMIZATION_LEVEL = 0;
				GCC_PREPROCESSOR_DEFINITIONS = (
					"DEBUG=1",
					"$(inherited)",
				);
				GCC_WARN_64_TO_32_BIT_CONVERSION = YES;
				GCC_WARN_ABOUT_RETURN_TYPE = YES_ERROR;
				GCC_WARN_UNDECLARED_SELECTOR = YES;
				GCC_WARN_UNINITIALIZED_AUTOS = YES_AGGRESSIVE;
				GCC_WARN_UNUSED_FUNCTION = YES;
				GCC_WARN_UNUSED_VARIABLE = YES;
				IPHONEOS_DEPLOYMENT_TARGET = 16.4;
				MTL_ENABLE_DEBUG_INFO = INCLUDE_SOURCE;
				MTL_FAST_MATH = YES;
				ONLY_ACTIVE_ARCH = YES;
				SDKROOT = iphoneos;
				SWIFT_ACTIVE_COMPILATION_CONDITIONS = DEBUG;
				SWIFT_OPTIMIZATION_LEVEL = "-Onone";
			};
			name = Debug;
		};
		33D9F61829A1797E00C1CDDE /* Release */ = {
			isa = XCBuildConfiguration;
			buildSettings = {
				ALWAYS_SEARCH_USER_PATHS = NO;
				CLANG_ANALYZER_NONNULL = YES;
				CLANG_ANALYZER_NUMBER_OBJECT_CONVERSION = YES_AGGRESSIVE;
				CLANG_CXX_LANGUAGE_STANDARD = "gnu++20";
				CLANG_ENABLE_MODULES = YES;
				CLANG_ENABLE_OBJC_ARC = YES;
				CLANG_ENABLE_OBJC_WEAK = YES;
				CLANG_WARN_BLOCK_CAPTURE_AUTORELEASING = YES;
				CLANG_WARN_BOOL_CONVERSION = YES;
				CLANG_WARN_COMMA = YES;
				CLANG_WARN_CONSTANT_CONVERSION = YES;
				CLANG_WARN_DEPRECATED_OBJC_IMPLEMENTATIONS = YES;
				CLANG_WARN_DIRECT_OBJC_ISA_USAGE = YES_ERROR;
				CLANG_WARN_DOCUMENTATION_COMMENTS = YES;
				CLANG_WARN_EMPTY_BODY = YES;
				CLANG_WARN_ENUM_CONVERSION = YES;
				CLANG_WARN_INFINITE_RECURSION = YES;
				CLANG_WARN_INT_CONVERSION = YES;
				CLANG_WARN_NON_LITERAL_NULL_CONVERSION = YES;
				CLANG_WARN_OBJC_IMPLICIT_RETAIN_SELF = YES;
				CLANG_WARN_OBJC_LITERAL_CONVERSION = YES;
				CLANG_WARN_OBJC_ROOT_CLASS = YES_ERROR;
				CLANG_WARN_QUOTED_INCLUDE_IN_FRAMEWORK_HEADER = YES;
				CLANG_WARN_RANGE_LOOP_ANALYSIS = YES;
				CLANG_WARN_STRICT_PROTOTYPES = YES;
				CLANG_WARN_SUSPICIOUS_MOVE = YES;
				CLANG_WARN_UNGUARDED_AVAILABILITY = YES_AGGRESSIVE;
				CLANG_WARN_UNREACHABLE_CODE = YES;
				CLANG_WARN__DUPLICATE_METHOD_MATCH = YES;
				COPY_PHASE_STRIP = NO;
				DEBUG_INFORMATION_FORMAT = "dwarf-with-dsym";
				ENABLE_NS_ASSERTIONS = NO;
				ENABLE_STRICT_OBJC_MSGSEND = YES;
				GCC_C_LANGUAGE_STANDARD = gnu11;
				GCC_NO_COMMON_BLOCKS = YES;
				GCC_WARN_64_TO_32_BIT_CONVERSION = YES;
				GCC_WARN_ABOUT_RETURN_TYPE = YES_ERROR;
				GCC_WARN_UNDECLARED_SELECTOR = YES;
				GCC_WARN_UNINITIALIZED_AUTOS = YES_AGGRESSIVE;
				GCC_WARN_UNUSED_FUNCTION = YES;
				GCC_WARN_UNUSED_VARIABLE = YES;
				IPHONEOS_DEPLOYMENT_TARGET = 16.4;
				MTL_ENABLE_DEBUG_INFO = NO;
				MTL_FAST_MATH = YES;
				SDKROOT = iphoneos;
				SWIFT_COMPILATION_MODE = wholemodule;
				SWIFT_OPTIMIZATION_LEVEL = "-O";
				VALIDATE_PRODUCT = YES;
			};
			name = Release;
		};
		33D9F61A29A1797E00C1CDDE /* Debug */ = {
			isa = XCBuildConfiguration;
			buildSettings = {
				ALWAYS_EMBED_SWIFT_STANDARD_LIBRARIES = YES;
				ASSETCATALOG_COMPILER_APPICON_NAME = AppIcon;
				ASSETCATALOG_COMPILER_GLOBAL_ACCENT_COLOR_NAME = AccentColor;
				CODE_SIGN_STYLE = Automatic;
				CURRENT_PROJECT_VERSION = 1;
				DEVELOPMENT_ASSET_PATHS = "\"CalendarApp/Preview Content\"";
				DEVELOPMENT_TEAM = 65PP5AV236;
				ENABLE_PREVIEWS = YES;
				GENERATE_INFOPLIST_FILE = YES;
				INFOPLIST_KEY_UIApplicationSceneManifest_Generation = YES;
				INFOPLIST_KEY_UIApplicationSupportsIndirectInputEvents = YES;
				INFOPLIST_KEY_UILaunchScreen_Generation = YES;
				INFOPLIST_KEY_UISupportedInterfaceOrientations_iPad = "UIInterfaceOrientationPortrait UIInterfaceOrientationPortraitUpsideDown UIInterfaceOrientationLandscapeLeft UIInterfaceOrientationLandscapeRight";
				INFOPLIST_KEY_UISupportedInterfaceOrientations_iPhone = "UIInterfaceOrientationPortrait UIInterfaceOrientationLandscapeLeft UIInterfaceOrientationLandscapeRight";
				LD_RUNPATH_SEARCH_PATHS = (
					"$(inherited)",
					"@executable_path/Frameworks",
				);
				MARKETING_VERSION = 1.0;
				PRODUCT_BUNDLE_IDENTIFIER = HoveyDev.CalendarApp;
				PRODUCT_NAME = "$(TARGET_NAME)";
				SWIFT_EMIT_LOC_STRINGS = YES;
				SWIFT_VERSION = 5.0;
				TARGETED_DEVICE_FAMILY = "1,2";
			};
			name = Debug;
		};
		33D9F61B29A1797E00C1CDDE /* Release */ = {
			isa = XCBuildConfiguration;
			buildSettings = {
				ALWAYS_EMBED_SWIFT_STANDARD_LIBRARIES = YES;
				ASSETCATALOG_COMPILER_APPICON_NAME = AppIcon;
				ASSETCATALOG_COMPILER_GLOBAL_ACCENT_COLOR_NAME = AccentColor;
				CODE_SIGN_STYLE = Automatic;
				CURRENT_PROJECT_VERSION = 1;
				DEVELOPMENT_ASSET_PATHS = "\"CalendarApp/Preview Content\"";
				DEVELOPMENT_TEAM = 65PP5AV236;
				ENABLE_PREVIEWS = YES;
				GENERATE_INFOPLIST_FILE = YES;
				INFOPLIST_KEY_UIApplicationSceneManifest_Generation = YES;
				INFOPLIST_KEY_UIApplicationSupportsIndirectInputEvents = YES;
				INFOPLIST_KEY_UILaunchScreen_Generation = YES;
				INFOPLIST_KEY_UISupportedInterfaceOrientations_iPad = "UIInterfaceOrientationPortrait UIInterfaceOrientationPortraitUpsideDown UIInterfaceOrientationLandscapeLeft UIInterfaceOrientationLandscapeRight";
				INFOPLIST_KEY_UISupportedInterfaceOrientations_iPhone = "UIInterfaceOrientationPortrait UIInterfaceOrientationLandscapeLeft UIInterfaceOrientationLandscapeRight";
				LD_RUNPATH_SEARCH_PATHS = (
					"$(inherited)",
					"@executable_path/Frameworks",
				);
				MARKETING_VERSION = 1.0;
				PRODUCT_BUNDLE_IDENTIFIER = HoveyDev.CalendarApp;
				PRODUCT_NAME = "$(TARGET_NAME)";
				SWIFT_EMIT_LOC_STRINGS = YES;
				SWIFT_VERSION = 5.0;
				TARGETED_DEVICE_FAMILY = "1,2";
			};
			name = Release;
		};
		33D9F63D29A179D200C1CDDE /* Debug */ = {
			isa = XCBuildConfiguration;
			buildSettings = {
				ASSETCATALOG_COMPILER_GLOBAL_ACCENT_COLOR_NAME = AccentColor;
				ASSETCATALOG_COMPILER_WIDGET_BACKGROUND_COLOR_NAME = WidgetBackground;
				CODE_SIGN_STYLE = Automatic;
				CURRENT_PROJECT_VERSION = 1;
				DEVELOPMENT_TEAM = 65PP5AV236;
				GENERATE_INFOPLIST_FILE = YES;
				INFOPLIST_FILE = CalendarWidget/Info.plist;
				INFOPLIST_KEY_CFBundleDisplayName = CalendarWidget;
				INFOPLIST_KEY_NSHumanReadableCopyright = "";
				LD_RUNPATH_SEARCH_PATHS = (
					"$(inherited)",
					"@executable_path/Frameworks",
					"@executable_path/../../Frameworks",
				);
				MARKETING_VERSION = 1.0;
				PRODUCT_BUNDLE_IDENTIFIER = HoveyDev.CalendarApp.CalendarWidget;
				PRODUCT_NAME = "$(TARGET_NAME)";
				SKIP_INSTALL = YES;
				SWIFT_EMIT_LOC_STRINGS = YES;
				SWIFT_VERSION = 5.0;
				TARGETED_DEVICE_FAMILY = "1,2";
			};
			name = Debug;
		};
		33D9F63E29A179D200C1CDDE /* Release */ = {
			isa = XCBuildConfiguration;
			buildSettings = {
				ASSETCATALOG_COMPILER_GLOBAL_ACCENT_COLOR_NAME = AccentColor;
				ASSETCATALOG_COMPILER_WIDGET_BACKGROUND_COLOR_NAME = WidgetBackground;
				CODE_SIGN_STYLE = Automatic;
				CURRENT_PROJECT_VERSION = 1;
				DEVELOPMENT_TEAM = 65PP5AV236;
				GENERATE_INFOPLIST_FILE = YES;
				INFOPLIST_FILE = CalendarWidget/Info.plist;
				INFOPLIST_KEY_CFBundleDisplayName = CalendarWidget;
				INFOPLIST_KEY_NSHumanReadableCopyright = "";
				LD_RUNPATH_SEARCH_PATHS = (
					"$(inherited)",
					"@executable_path/Frameworks",
					"@executable_path/../../Frameworks",
				);
				MARKETING_VERSION = 1.0;
				PRODUCT_BUNDLE_IDENTIFIER = HoveyDev.CalendarApp.CalendarWidget;
				PRODUCT_NAME = "$(TARGET_NAME)";
				SKIP_INSTALL = YES;
				SWIFT_EMIT_LOC_STRINGS = YES;
				SWIFT_VERSION = 5.0;
				TARGETED_DEVICE_FAMILY = "1,2";
			};
			name = Release;
		};
/* End XCBuildConfiguration section */

/* Begin XCConfigurationList section */
		33D9F60629A1797E00C1CDDE /* Build configuration list for PBXProject "CalendarApp" */ = {
			isa = XCConfigurationList;
			buildConfigurations = (
				33D9F61729A1797E00C1CDDE /* Debug */,
				33D9F61829A1797E00C1CDDE /* Release */,
			);
			defaultConfigurationIsVisible = 0;
			defaultConfigurationName = Release;
		};
		33D9F61929A1797E00C1CDDE /* Build configuration list for PBXNativeTarget "CalendarApp" */ = {
			isa = XCConfigurationList;
			buildConfigurations = (
				33D9F61A29A1797E00C1CDDE /* Debug */,
				33D9F61B29A1797E00C1CDDE /* Release */,
			);
			defaultConfigurationIsVisible = 0;
			defaultConfigurationName = Release;
		};
		33D9F63C29A179D200C1CDDE /* Build configuration list for PBXNativeTarget "CalendarWidgetExtension" */ = {
			isa = XCConfigurationList;
			buildConfigurations = (
				33D9F63D29A179D200C1CDDE /* Debug */,
				33D9F63E29A179D200C1CDDE /* Release */,
			);
			defaultConfigurationIsVisible = 0;
			defaultConfigurationName = Release;
		};
/* End XCConfigurationList section */
	};
	rootObject = 33D9F60329A1797E00C1CDDE /* Project object */;
}
